// !$*UTF8*$!
{
	archiveVersion = 1;
	classes = {
	};
	objectVersion = 56;
	objects = {

/* Begin PBXBuildFile section */
		2F80817A2A63D13300484548 /* welcomeTwo.swift in Sources */ = {isa = PBXBuildFile; fileRef = 2F8081792A63D13300484548 /* welcomeTwo.swift */; };
		2F80817C2A64011A00484548 /* welcomeThree.swift in Sources */ = {isa = PBXBuildFile; fileRef = 2F80817B2A64011A00484548 /* welcomeThree.swift */; };
		2F80817E2A64023000484548 /* Home page.swift in Sources */ = {isa = PBXBuildFile; fileRef = 2F80817D2A64023000484548 /* Home page.swift */; };
		2FF1E5BE2A62CBE90042869F /* ShutterApp.swift in Sources */ = {isa = PBXBuildFile; fileRef = 2FF1E5BD2A62CBE90042869F /* ShutterApp.swift */; };
		2FF1E5C02A62CBE90042869F /* ContentView.swift in Sources */ = {isa = PBXBuildFile; fileRef = 2FF1E5BF2A62CBE90042869F /* ContentView.swift */; };
		2FF1E5C22A62CBEC0042869F /* Assets.xcassets in Resources */ = {isa = PBXBuildFile; fileRef = 2FF1E5C12A62CBEC0042869F /* Assets.xcassets */; };
		2FF1E5C52A62CBEC0042869F /* Preview Assets.xcassets in Resources */ = {isa = PBXBuildFile; fileRef = 2FF1E5C42A62CBEC0042869F /* Preview Assets.xcassets */; };
		2FF1E5D02A62D2E60042869F /* Lunch Screen.swift in Sources */ = {isa = PBXBuildFile; fileRef = 2FF1E5CF2A62D2E60042869F /* Lunch Screen.swift */; };
		2FF1E5D22A62DAAF0042869F /* welcomeOne.swift in Sources */ = {isa = PBXBuildFile; fileRef = 2FF1E5D12A62DAAF0042869F /* welcomeOne.swift */; };
/* End PBXBuildFile section */

/* Begin PBXFileReference section */
		2F8081792A63D13300484548 /* welcomeTwo.swift */ = {isa = PBXFileReference; lastKnownFileType = sourcecode.swift; path = welcomeTwo.swift; sourceTree = "<group>"; };
		2F80817B2A64011A00484548 /* welcomeThree.swift */ = {isa = PBXFileReference; lastKnownFileType = sourcecode.swift; path = welcomeThree.swift; sourceTree = "<group>"; };
		2F80817D2A64023000484548 /* Home page.swift */ = {isa = PBXFileReference; lastKnownFileType = sourcecode.swift; path = "Home page.swift"; sourceTree = "<group>"; };
		2FF1E5BA2A62CBE90042869F /* Shutter.app */ = {isa = PBXFileReference; explicitFileType = wrapper.application; includeInIndex = 0; path = Shutter.app; sourceTree = BUILT_PRODUCTS_DIR; };
		2FF1E5BD2A62CBE90042869F /* ShutterApp.swift */ = {isa = PBXFileReference; lastKnownFileType = sourcecode.swift; path = ShutterApp.swift; sourceTree = "<group>"; };
		2FF1E5BF2A62CBE90042869F /* ContentView.swift */ = {isa = PBXFileReference; lastKnownFileType = sourcecode.swift; path = ContentView.swift; sourceTree = "<group>"; };
		2FF1E5C12A62CBEC0042869F /* Assets.xcassets */ = {isa = PBXFileReference; lastKnownFileType = folder.assetcatalog; path = Assets.xcassets; sourceTree = "<group>"; };
		2FF1E5C42A62CBEC0042869F /* Preview Assets.xcassets */ = {isa = PBXFileReference; lastKnownFileType = folder.assetcatalog; path = "Preview Assets.xcassets"; sourceTree = "<group>"; };
		2FF1E5CF2A62D2E60042869F /* Lunch Screen.swift */ = {isa = PBXFileReference; lastKnownFileType = sourcecode.swift; path = "Lunch Screen.swift"; sourceTree = "<group>"; };
		2FF1E5D12A62DAAF0042869F /* welcomeOne.swift */ = {isa = PBXFileReference; lastKnownFileType = sourcecode.swift; path = welcomeOne.swift; sourceTree = "<group>"; };
/* End PBXFileReference section */

/* Begin PBXFrameworksBuildPhase section */
		2FF1E5B72A62CBE90042869F /* Frameworks */ = {
			isa = PBXFrameworksBuildPhase;
			buildActionMask = 2147483647;
			files = (
			);
			runOnlyForDeploymentPostprocessing = 0;
		};
/* End PBXFrameworksBuildPhase section */

/* Begin PBXGroup section */
		2F80817F2A64027100484548 /* Lunch and welcome */ = {
			isa = PBXGroup;
			children = (
				2FF1E5CF2A62D2E60042869F /* Lunch Screen.swift */,
				2FF1E5BF2A62CBE90042869F /* ContentView.swift */,
				2FF1E5D12A62DAAF0042869F /* welcomeOne.swift */,
				2F8081792A63D13300484548 /* welcomeTwo.swift */,
				2F80817B2A64011A00484548 /* welcomeThree.swift */,
			);
			path = "Lunch and welcome";
			sourceTree = "<group>";
		};
		2FF1E5B12A62CBE90042869F = {
			isa = PBXGroup;
			children = (
				2FF1E5BC2A62CBE90042869F /* Shutter */,
				2FF1E5BB2A62CBE90042869F /* Products */,
			);
			sourceTree = "<group>";
		};
		2FF1E5BB2A62CBE90042869F /* Products */ = {
			isa = PBXGroup;
			children = (
				2FF1E5BA2A62CBE90042869F /* Shutter.app */,
			);
			name = Products;
			sourceTree = "<group>";
		};
		2FF1E5BC2A62CBE90042869F /* Shutter */ = {
			isa = PBXGroup;
			children = (
				2FF1E5BD2A62CBE90042869F /* ShutterApp.swift */,
				2F80817F2A64027100484548 /* Lunch and welcome */,
				2F80817D2A64023000484548 /* Home page.swift */,
				2FF1E5C12A62CBEC0042869F /* Assets.xcassets */,
				2FF1E5C32A62CBEC0042869F /* Preview Content */,
			);
			path = Shutter;
			sourceTree = "<group>";
		};
		2FF1E5C32A62CBEC0042869F /* Preview Content */ = {
			isa = PBXGroup;
			children = (
				2FF1E5C42A62CBEC0042869F /* Preview Assets.xcassets */,
			);
			path = "Preview Content";
			sourceTree = "<group>";
		};
/* End PBXGroup section */

/* Begin PBXNativeTarget section */
		2FF1E5B92A62CBE90042869F /* Shutter */ = {
			isa = PBXNativeTarget;
			buildConfigurationList = 2FF1E5C82A62CBEC0042869F /* Build configuration list for PBXNativeTarget "Shutter" */;
			buildPhases = (
				2FF1E5B62A62CBE90042869F /* Sources */,
				2FF1E5B72A62CBE90042869F /* Frameworks */,
				2FF1E5B82A62CBE90042869F /* Resources */,
			);
			buildRules = (
			);
			dependencies = (
			);
			name = Shutter;
			productName = Shutter;
			productReference = 2FF1E5BA2A62CBE90042869F /* Shutter.app */;
			productType = "com.apple.product-type.application";
		};
/* End PBXNativeTarget section */

/* Begin PBXProject section */
		2FF1E5B22A62CBE90042869F /* Project object */ = {
			isa = PBXProject;
			attributes = {
				BuildIndependentTargetsInParallel = 1;
				LastSwiftUpdateCheck = 1500;
				LastUpgradeCheck = 1500;
				TargetAttributes = {
					2FF1E5B92A62CBE90042869F = {
						CreatedOnToolsVersion = 15.0;
					};
				};
			};
			buildConfigurationList = 2FF1E5B52A62CBE90042869F /* Build configuration list for PBXProject "Shutter" */;
			compatibilityVersion = "Xcode 14.0";
			developmentRegion = en;
			hasScannedForEncodings = 0;
			knownRegions = (
				en,
				Base,
			);
			mainGroup = 2FF1E5B12A62CBE90042869F;
			productRefGroup = 2FF1E5BB2A62CBE90042869F /* Products */;
			projectDirPath = "";
			projectRoot = "";
			targets = (
				2FF1E5B92A62CBE90042869F /* Shutter */,
			);
		};
/* End PBXProject section */

/* Begin PBXResourcesBuildPhase section */
		2FF1E5B82A62CBE90042869F /* Resources */ = {
			isa = PBXResourcesBuildPhase;
			buildActionMask = 2147483647;
			files = (
				2FF1E5C52A62CBEC0042869F /* Preview Assets.xcassets in Resources */,
				2FF1E5C22A62CBEC0042869F /* Assets.xcassets in Resources */,
			);
			runOnlyForDeploymentPostprocessing = 0;
		};
/* End PBXResourcesBuildPhase section */

/* Begin PBXSourcesBuildPhase section */
		2FF1E5B62A62CBE90042869F /* Sources */ = {
			isa = PBXSourcesBuildPhase;
			buildActionMask = 2147483647;
			files = (
				2FF1E5C02A62CBE90042869F /* ContentView.swift in Sources */,
				2FF1E5BE2A62CBE90042869F /* ShutterApp.swift in Sources */,
				2F80817A2A63D13300484548 /* welcomeTwo.swift in Sources */,
				2FF1E5D02A62D2E60042869F /* Lunch Screen.swift in Sources */,
				2FF1E5D22A62DAAF0042869F /* welcomeOne.swift in Sources */,
				2F80817E2A64023000484548 /* Home page.swift in Sources */,
				2F80817C2A64011A00484548 /* welcomeThree.swift in Sources */,
			);
			runOnlyForDeploymentPostprocessing = 0;
		};
/* End PBXSourcesBuildPhase section */

/* Begin XCBuildConfiguration section */
		2FF1E5C62A62CBEC0042869F /* Debug */ = {
			isa = XCBuildConfiguration;
			buildSettings = {
				ALWAYS_SEARCH_USER_PATHS = NO;
				ASSETCATALOG_COMPILER_GENERATE_SWIFT_ASSET_SYMBOL_EXTENSIONS = YES;
				CLANG_ANALYZER_NONNULL = YES;
				CLANG_ANALYZER_NUMBER_OBJECT_CONVERSION = YES_AGGRESSIVE;
				CLANG_CXX_LANGUAGE_STANDARD = "gnu++20";
				CLANG_ENABLE_MODULES = YES;
				CLANG_ENABLE_OBJC_ARC = YES;
				CLANG_ENABLE_OBJC_WEAK = YES;
				CLANG_WARN_BLOCK_CAPTURE_AUTORELEASING = YES;
				CLANG_WARN_BOOL_CONVERSION = YES;
				CLANG_WARN_COMMA = YES;
				CLANG_WARN_CONSTANT_CONVERSION = YES;
				CLANG_WARN_DEPRECATED_OBJC_IMPLEMENTATIONS = YES;
				CLANG_WARN_DIRECT_OBJC_ISA_USAGE = YES_ERROR;
				CLANG_WARN_DOCUMENTATION_COMMENTS = YES;
				CLANG_WARN_EMPTY_BODY = YES;
				CLANG_WARN_ENUM_CONVERSION = YES;
				CLANG_WARN_INFINITE_RECURSION = YES;
				CLANG_WARN_INT_CONVERSION = YES;
				CLANG_WARN_NON_LITERAL_NULL_CONVERSION = YES;
				CLANG_WARN_OBJC_IMPLICIT_RETAIN_SELF = YES;
				CLANG_WARN_OBJC_LITERAL_CONVERSION = YES;
				CLANG_WARN_OBJC_ROOT_CLASS = YES_ERROR;
				CLANG_WARN_QUOTED_INCLUDE_IN_FRAMEWORK_HEADER = YES;
				CLANG_WARN_RANGE_LOOP_ANALYSIS = YES;
				CLANG_WARN_STRICT_PROTOTYPES = YES;
				CLANG_WARN_SUSPICIOUS_MOVE = YES;
				CLANG_WARN_UNGUARDED_AVAILABILITY = YES_AGGRESSIVE;
				CLANG_WARN_UNREACHABLE_CODE = YES;
				CLANG_WARN__DUPLICATE_METHOD_MATCH = YES;
				COPY_PHASE_STRIP = NO;
				DEBUG_INFORMATION_FORMAT = dwarf;
				ENABLE_STRICT_OBJC_MSGSEND = YES;
				ENABLE_TESTABILITY = YES;
				ENABLE_USER_SCRIPT_SANDBOXING = YES;
				GCC_C_LANGUAGE_STANDARD = gnu17;
				GCC_DYNAMIC_NO_PIC = NO;
				GCC_NO_COMMON_BLOCKS = YES;
				GCC_OPTIMIZATION_LEVEL = 0;
				GCC_PREPROCESSOR_DEFINITIONS = (
					"DEBUG=1",
					"$(inherited)",
				);
				GCC_WARN_64_TO_32_BIT_CONVERSION = YES;
				GCC_WARN_ABOUT_RETURN_TYPE = YES_ERROR;
				GCC_WARN_UNDECLARED_SELECTOR = YES;
				GCC_WARN_UNINITIALIZED_AUTOS = YES_AGGRESSIVE;
				GCC_WARN_UNUSED_FUNCTION = YES;
				GCC_WARN_UNUSED_VARIABLE = YES;
				IPHONEOS_DEPLOYMENT_TARGET = 17.0;
				LOCALIZATION_PREFERS_STRING_CATALOGS = YES;
				MTL_ENABLE_DEBUG_INFO = INCLUDE_SOURCE;
				MTL_FAST_MATH = YES;
				ONLY_ACTIVE_ARCH = YES;
				SDKROOT = iphoneos;
				SWIFT_ACTIVE_COMPILATION_CONDITIONS = "DEBUG $(inherited)";
				SWIFT_OPTIMIZATION_LEVEL = "-Onone";
			};
			name = Debug;
		};
		2FF1E5C72A62CBEC0042869F /* Release */ = {
			isa = XCBuildConfiguration;
			buildSettings = {
				ALWAYS_SEARCH_USER_PATHS = NO;
				ASSETCATALOG_COMPILER_GENERATE_SWIFT_ASSET_SYMBOL_EXTENSIONS = YES;
				CLANG_ANALYZER_NONNULL = YES;
				CLANG_ANALYZER_NUMBER_OBJECT_CONVERSION = YES_AGGRESSIVE;
				CLANG_CXX_LANGUAGE_STANDARD = "gnu++20";
				CLANG_ENABLE_MODULES = YES;
				CLANG_ENABLE_OBJC_ARC = YES;
				CLANG_ENABLE_OBJC_WEAK = YES;
				CLANG_WARN_BLOCK_CAPTURE_AUTORELEASING = YES;
				CLANG_WARN_BOOL_CONVERSION = YES;
				CLANG_WARN_COMMA = YES;
				CLANG_WARN_CONSTANT_CONVERSION = YES;
				CLANG_WARN_DEPRECATED_OBJC_IMPLEMENTATIONS = YES;
				CLANG_WARN_DIRECT_OBJC_ISA_USAGE = YES_ERROR;
				CLANG_WARN_DOCUMENTATION_COMMENTS = YES;
				CLANG_WARN_EMPTY_BODY = YES;
				CLANG_WARN_ENUM_CONVERSION = YES;
				CLANG_WARN_INFINITE_RECURSION = YES;
				CLANG_WARN_INT_CONVERSION = YES;
				CLANG_WARN_NON_LITERAL_NULL_CONVERSION = YES;
				CLANG_WARN_OBJC_IMPLICIT_RETAIN_SELF = YES;
				CLANG_WARN_OBJC_LITERAL_CONVERSION = YES;
				CLANG_WARN_OBJC_ROOT_CLASS = YES_ERROR;
				CLANG_WARN_QUOTED_INCLUDE_IN_FRAMEWORK_HEADER = YES;
				CLANG_WARN_RANGE_LOOP_ANALYSIS = YES;
				CLANG_WARN_STRICT_PROTOTYPES = YES;
				CLANG_WARN_SUSPICIOUS_MOVE = YES;
				CLANG_WARN_UNGUARDED_AVAILABILITY = YES_AGGRESSIVE;
				CLANG_WARN_UNREACHABLE_CODE = YES;
				CLANG_WARN__DUPLICATE_METHOD_MATCH = YES;
				COPY_PHASE_STRIP = NO;
				DEBUG_INFORMATION_FORMAT = "dwarf-with-dsym";
				ENABLE_NS_ASSERTIONS = NO;
				ENABLE_STRICT_OBJC_MSGSEND = YES;
				ENABLE_USER_SCRIPT_SANDBOXING = YES;
				GCC_C_LANGUAGE_STANDARD = gnu17;
				GCC_NO_COMMON_BLOCKS = YES;
				GCC_WARN_64_TO_32_BIT_CONVERSION = YES;
				GCC_WARN_ABOUT_RETURN_TYPE = YES_ERROR;
				GCC_WARN_UNDECLARED_SELECTOR = YES;
				GCC_WARN_UNINITIALIZED_AUTOS = YES_AGGRESSIVE;
				GCC_WARN_UNUSED_FUNCTION = YES;
				GCC_WARN_UNUSED_VARIABLE = YES;
				IPHONEOS_DEPLOYMENT_TARGET = 17.0;
				LOCALIZATION_PREFERS_STRING_CATALOGS = YES;
				MTL_ENABLE_DEBUG_INFO = NO;
				MTL_FAST_MATH = YES;
				SDKROOT = iphoneos;
				SWIFT_COMPILATION_MODE = wholemodule;
				VALIDATE_PRODUCT = YES;
			};
			name = Release;
		};
		2FF1E5C92A62CBEC0042869F /* Debug */ = {
			isa = XCBuildConfiguration;
			buildSettings = {
				ASSETCATALOG_COMPILER_APPICON_NAME = AppIcon;
				ASSETCATALOG_COMPILER_GLOBAL_ACCENT_COLOR_NAME = AccentColor;
				CODE_SIGN_STYLE = Automatic;
				CURRENT_PROJECT_VERSION = 1;
				DEVELOPMENT_ASSET_PATHS = "\"Shutter/Preview Content\"";
				DEVELOPMENT_TEAM = 55L48W2DHK;
				ENABLE_PREVIEWS = YES;
				GENERATE_INFOPLIST_FILE = YES;
				INFOPLIST_KEY_UIApplicationSceneManifest_Generation = YES;
				INFOPLIST_KEY_UIApplicationSupportsIndirectInputEvents = YES;
				INFOPLIST_KEY_UILaunchScreen_Generation = YES;
				INFOPLIST_KEY_UISupportedInterfaceOrientations_iPad = "UIInterfaceOrientationPortrait UIInterfaceOrientationPortraitUpsideDown UIInterfaceOrientationLandscapeLeft UIInterfaceOrientationLandscapeRight";
				INFOPLIST_KEY_UISupportedInterfaceOrientations_iPhone = "UIInterfaceOrientationPortrait UIInterfaceOrientationLandscapeLeft UIInterfaceOrientationLandscapeRight";
				LD_RUNPATH_SEARCH_PATHS = (
					"$(inherited)",
					"@executable_path/Frameworks",
				);
				MARKETING_VERSION = 1.0;
				PRODUCT_BUNDLE_IDENTIFIER = com.hamza.Shutter;
				PRODUCT_NAME = "$(TARGET_NAME)";
				SWIFT_EMIT_LOC_STRINGS = YES;
				SWIFT_VERSION = 5.0;
				TARGETED_DEVICE_FAMILY = "1,2";
			};
			name = Debug;
		};
		2FF1E5CA2A62CBEC0042869F /* Release */ = {
			isa = XCBuildConfiguration;
			buildSettings = {
				ASSETCATALOG_COMPILER_APPICON_NAME = AppIcon;
				ASSETCATALOG_COMPILER_GLOBAL_ACCENT_COLOR_NAME = AccentColor;
				CODE_SIGN_STYLE = Automatic;
				CURRENT_PROJECT_VERSION = 1;
				DEVELOPMENT_ASSET_PATHS = "\"Shutter/Preview Content\"";
				DEVELOPMENT_TEAM = 55L48W2DHK;
				ENABLE_PREVIEWS = YES;
				GENERATE_INFOPLIST_FILE = YES;
				INFOPLIST_KEY_UIApplicationSceneManifest_Generation = YES;
				INFOPLIST_KEY_UIApplicationSupportsIndirectInputEvents = YES;
				INFOPLIST_KEY_UILaunchScreen_Generation = YES;
				INFOPLIST_KEY_UISupportedInterfaceOrientations_iPad = "UIInterfaceOrientationPortrait UIInterfaceOrientationPortraitUpsideDown UIInterfaceOrientationLandscapeLeft UIInterfaceOrientationLandscapeRight";
				INFOPLIST_KEY_UISupportedInterfaceOrientations_iPhone = "UIInterfaceOrientationPortrait UIInterfaceOrientationLandscapeLeft UIInterfaceOrientationLandscapeRight";
				LD_RUNPATH_SEARCH_PATHS = (
					"$(inherited)",
					"@executable_path/Frameworks",
				);
				MARKETING_VERSION = 1.0;
				PRODUCT_BUNDLE_IDENTIFIER = com.hamza.Shutter;
				PRODUCT_NAME = "$(TARGET_NAME)";
				SWIFT_EMIT_LOC_STRINGS = YES;
				SWIFT_VERSION = 5.0;
				TARGETED_DEVICE_FAMILY = "1,2";
			};
			name = Release;
		};
/* End XCBuildConfiguration section */

/* Begin XCConfigurationList section */
		2FF1E5B52A62CBE90042869F /* Build configuration list for PBXProject "Shutter" */ = {
			isa = XCConfigurationList;
			buildConfigurations = (
				2FF1E5C62A62CBEC0042869F /* Debug */,
				2FF1E5C72A62CBEC0042869F /* Release */,
			);
			defaultConfigurationIsVisible = 0;
			defaultConfigurationName = Release;
		};
		2FF1E5C82A62CBEC0042869F /* Build configuration list for PBXNativeTarget "Shutter" */ = {
			isa = XCConfigurationList;
			buildConfigurations = (
				2FF1E5C92A62CBEC0042869F /* Debug */,
				2FF1E5CA2A62CBEC0042869F /* Release */,
			);
			defaultConfigurationIsVisible = 0;
			defaultConfigurationName = Release;
		};
/* End XCConfigurationList section */
	};
	rootObject = 2FF1E5B22A62CBE90042869F /* Project object */;
}
