// !$*UTF8*$!
{
	archiveVersion = 1;
	classes = {
	};
	objectVersion = 56;
	objects = {

/* Begin PBXBuildFile section */
		2F3AF1F32A7960BB00A02DB3 /* validation.swift in Sources */ = {isa = PBXBuildFile; fileRef = 2F3AF1F22A7960BB00A02DB3 /* validation.swift */; };
		2F5536F92A7FA4A300609CB9 /* SlidingTabView in Frameworks */ = {isa = PBXBuildFile; productRef = 2F5536F82A7FA4A300609CB9 /* SlidingTabView */; };
		2F5FC5AD2A6AC67A00942550 /* Muli-Bold.ttf in Resources */ = {isa = PBXBuildFile; fileRef = 2F5FC5AC2A6AC67A00942550 /* Muli-Bold.ttf */; };
		2F5FC5AF2A6AC68300942550 /* Muli.ttf in Resources */ = {isa = PBXBuildFile; fileRef = 2F5FC5AE2A6AC68300942550 /* Muli.ttf */; };
		2F80817A2A63D13300484548 /* welcomeTwo.swift in Sources */ = {isa = PBXBuildFile; fileRef = 2F8081792A63D13300484548 /* welcomeTwo.swift */; };
		2F80817C2A64011A00484548 /* welcomeThree.swift in Sources */ = {isa = PBXBuildFile; fileRef = 2F80817B2A64011A00484548 /* welcomeThree.swift */; };
		2F80817E2A64023000484548 /* Home page.swift in Sources */ = {isa = PBXBuildFile; fileRef = 2F80817D2A64023000484548 /* Home page.swift */; };
		2F8081842A64389500484548 /* Vollkorn-SemiBold.ttf in Resources */ = {isa = PBXBuildFile; fileRef = 2F8081832A64387C00484548 /* Vollkorn-SemiBold.ttf */; };
		2FB68F052A69517B00C41EDD /* sessions.swift in Sources */ = {isa = PBXBuildFile; fileRef = 2FB68F042A69517B00C41EDD /* sessions.swift */; };
		2FB68F072A6951B000C41EDD /* profile.swift in Sources */ = {isa = PBXBuildFile; fileRef = 2FB68F062A6951B000C41EDD /* profile.swift */; };
		2FBAFC7B2A8269CC00E0794D /* Assets.xcassets in Resources */ = {isa = PBXBuildFile; fileRef = 2FF1E5C12A62CBEC0042869F /* Assets.xcassets */; };
		2FEA2AC52A6D3B0100400B92 /* signUp.swift in Sources */ = {isa = PBXBuildFile; fileRef = 2FEA2AC42A6D3B0100400B92 /* signUp.swift */; };
		2FEA2AC72A6D3B0A00400B92 /* logIn.swift in Sources */ = {isa = PBXBuildFile; fileRef = 2FEA2AC62A6D3B0A00400B92 /* logIn.swift */; };
		2FEA2ACA2A6D49BF00400B92 /* Muli-SemiBold.ttf in Resources */ = {isa = PBXBuildFile; fileRef = 2FEA2AC92A6D49BF00400B92 /* Muli-SemiBold.ttf */; };
		2FEA2ACD2A6EED5100400B92 /* FirebaseAnalytics in Frameworks */ = {isa = PBXBuildFile; productRef = 2FEA2ACC2A6EED5100400B92 /* FirebaseAnalytics */; };
		2FEA2ACF2A6EED5100400B92 /* FirebaseAnalyticsOnDeviceConversion in Frameworks */ = {isa = PBXBuildFile; productRef = 2FEA2ACE2A6EED5100400B92 /* FirebaseAnalyticsOnDeviceConversion */; };
		2FEA2AD12A6EED5100400B92 /* FirebaseAnalyticsSwift in Frameworks */ = {isa = PBXBuildFile; productRef = 2FEA2AD02A6EED5100400B92 /* FirebaseAnalyticsSwift */; };
		2FEA2AD32A6EED5100400B92 /* FirebaseAnalyticsWithoutAdIdSupport in Frameworks */ = {isa = PBXBuildFile; productRef = 2FEA2AD22A6EED5100400B92 /* FirebaseAnalyticsWithoutAdIdSupport */; };
		2FEA2AD52A6EED5100400B92 /* FirebaseAuth in Frameworks */ = {isa = PBXBuildFile; productRef = 2FEA2AD42A6EED5100400B92 /* FirebaseAuth */; };
		2FEA2AD72A6EED5100400B92 /* FirebaseFirestore in Frameworks */ = {isa = PBXBuildFile; productRef = 2FEA2AD62A6EED5100400B92 /* FirebaseFirestore */; };
		2FEA2AD92A6EEDF000400B92 /* GoogleService-Info.plist in Resources */ = {isa = PBXBuildFile; fileRef = 2FEA2AD82A6EEDF000400B92 /* GoogleService-Info.plist */; };
		2FF1E5BE2A62CBE90042869F /* ShutterApp.swift in Sources */ = {isa = PBXBuildFile; fileRef = 2FF1E5BD2A62CBE90042869F /* ShutterApp.swift */; };
		2FF1E5C02A62CBE90042869F /* ContentView.swift in Sources */ = {isa = PBXBuildFile; fileRef = 2FF1E5BF2A62CBE90042869F /* ContentView.swift */; };
		2FF1E5C52A62CBEC0042869F /* Preview Assets.xcassets in Resources */ = {isa = PBXBuildFile; fileRef = 2FF1E5C42A62CBEC0042869F /* Preview Assets.xcassets */; };
		2FF1E5D02A62D2E60042869F /* Lunch Screen.swift in Sources */ = {isa = PBXBuildFile; fileRef = 2FF1E5CF2A62D2E60042869F /* Lunch Screen.swift */; };
		2FF1E5D22A62DAAF0042869F /* welcomeOne.swift in Sources */ = {isa = PBXBuildFile; fileRef = 2FF1E5D12A62DAAF0042869F /* welcomeOne.swift */; };
/* End PBXBuildFile section */

/* Begin PBXFileReference section */
		2F3AF1F22A7960BB00A02DB3 /* validation.swift */ = {isa = PBXFileReference; lastKnownFileType = sourcecode.swift; path = validation.swift; sourceTree = "<group>"; };
		2F5FC5AC2A6AC67A00942550 /* Muli-Bold.ttf */ = {isa = PBXFileReference; lastKnownFileType = file; path = "Muli-Bold.ttf"; sourceTree = "<group>"; };
		2F5FC5AE2A6AC68300942550 /* Muli.ttf */ = {isa = PBXFileReference; lastKnownFileType = file; path = Muli.ttf; sourceTree = "<group>"; };
		2F8081792A63D13300484548 /* welcomeTwo.swift */ = {isa = PBXFileReference; lastKnownFileType = sourcecode.swift; path = welcomeTwo.swift; sourceTree = "<group>"; };
		2F80817B2A64011A00484548 /* welcomeThree.swift */ = {isa = PBXFileReference; lastKnownFileType = sourcecode.swift; path = welcomeThree.swift; sourceTree = "<group>"; };
		2F80817D2A64023000484548 /* Home page.swift */ = {isa = PBXFileReference; lastKnownFileType = sourcecode.swift; path = "Home page.swift"; sourceTree = "<group>"; };
		2F8081832A64387C00484548 /* Vollkorn-SemiBold.ttf */ = {isa = PBXFileReference; lastKnownFileType = file; path = "Vollkorn-SemiBold.ttf"; sourceTree = "<group>"; };
		2FB68F042A69517B00C41EDD /* sessions.swift */ = {isa = PBXFileReference; lastKnownFileType = sourcecode.swift; path = sessions.swift; sourceTree = "<group>"; };
		2FB68F062A6951B000C41EDD /* profile.swift */ = {isa = PBXFileReference; lastKnownFileType = sourcecode.swift; path = profile.swift; sourceTree = "<group>"; };
		2FEA2AC42A6D3B0100400B92 /* signUp.swift */ = {isa = PBXFileReference; lastKnownFileType = sourcecode.swift; path = signUp.swift; sourceTree = "<group>"; };
		2FEA2AC62A6D3B0A00400B92 /* logIn.swift */ = {isa = PBXFileReference; lastKnownFileType = sourcecode.swift; path = logIn.swift; sourceTree = "<group>"; };
		2FEA2AC92A6D49BF00400B92 /* Muli-SemiBold.ttf */ = {isa = PBXFileReference; lastKnownFileType = file; path = "Muli-SemiBold.ttf"; sourceTree = "<group>"; };
		2FEA2AD82A6EEDF000400B92 /* GoogleService-Info.plist */ = {isa = PBXFileReference; fileEncoding = 4; lastKnownFileType = text.plist.xml; path = "GoogleService-Info.plist"; sourceTree = "<group>"; };
		2FF1E5BA2A62CBE90042869F /* Shutter.app */ = {isa = PBXFileReference; explicitFileType = wrapper.application; includeInIndex = 0; path = Shutter.app; sourceTree = BUILT_PRODUCTS_DIR; };
		2FF1E5BD2A62CBE90042869F /* ShutterApp.swift */ = {isa = PBXFileReference; lastKnownFileType = sourcecode.swift; path = ShutterApp.swift; sourceTree = "<group>"; };
		2FF1E5BF2A62CBE90042869F /* ContentView.swift */ = {isa = PBXFileReference; lastKnownFileType = sourcecode.swift; path = ContentView.swift; sourceTree = "<group>"; };
		2FF1E5C12A62CBEC0042869F /* Assets.xcassets */ = {isa = PBXFileReference; lastKnownFileType = folder.assetcatalog; path = Assets.xcassets; sourceTree = "<group>"; };
		2FF1E5C42A62CBEC0042869F /* Preview Assets.xcassets */ = {isa = PBXFileReference; lastKnownFileType = folder.assetcatalog; path = "Preview Assets.xcassets"; sourceTree = "<group>"; };
		2FF1E5CF2A62D2E60042869F /* Lunch Screen.swift */ = {isa = PBXFileReference; lastKnownFileType = sourcecode.swift; path = "Lunch Screen.swift"; sourceTree = "<group>"; };
		2FF1E5D12A62DAAF0042869F /* welcomeOne.swift */ = {isa = PBXFileReference; lastKnownFileType = sourcecode.swift; path = welcomeOne.swift; sourceTree = "<group>"; };
/* End PBXFileReference section */

/* Begin PBXFrameworksBuildPhase section */
		2FF1E5B72A62CBE90042869F /* Frameworks */ = {
			isa = PBXFrameworksBuildPhase;
			buildActionMask = 2147483647;
			files = (
				2FEA2AD12A6EED5100400B92 /* FirebaseAnalyticsSwift in Frameworks */,
				2FEA2AD52A6EED5100400B92 /* FirebaseAuth in Frameworks */,
				2F5536F92A7FA4A300609CB9 /* SlidingTabView in Frameworks */,
				2FEA2ACD2A6EED5100400B92 /* FirebaseAnalytics in Frameworks */,
				2FEA2ACF2A6EED5100400B92 /* FirebaseAnalyticsOnDeviceConversion in Frameworks */,
				2FEA2AD32A6EED5100400B92 /* FirebaseAnalyticsWithoutAdIdSupport in Frameworks */,
				2FEA2AD72A6EED5100400B92 /* FirebaseFirestore in Frameworks */,
			);
			runOnlyForDeploymentPostprocessing = 0;
		};
/* End PBXFrameworksBuildPhase section */

/* Begin PBXGroup section */
		2F80817F2A64027100484548 /* Lunch and welcome */ = {
			isa = PBXGroup;
			children = (
				2FF1E5CF2A62D2E60042869F /* Lunch Screen.swift */,
				2FF1E5BF2A62CBE90042869F /* ContentView.swift */,
				2FF1E5D12A62DAAF0042869F /* welcomeOne.swift */,
				2F8081792A63D13300484548 /* welcomeTwo.swift */,
				2F80817B2A64011A00484548 /* welcomeThree.swift */,
			);
			path = "Lunch and welcome";
			sourceTree = "<group>";
		};
		2FEA2AC32A6D3AC700400B92 /* Main Screens */ = {
			isa = PBXGroup;
			children = (
				2F80817D2A64023000484548 /* Home page.swift */,
				2FB68F042A69517B00C41EDD /* sessions.swift */,
				2FB68F062A6951B000C41EDD /* profile.swift */,
			);
			path = "Main Screens";
			sourceTree = "<group>";
		};
		2FEA2AC82A6D3B0E00400B92 /* Account */ = {
			isa = PBXGroup;
			children = (
				2FEA2AC62A6D3B0A00400B92 /* logIn.swift */,
				2FEA2AC42A6D3B0100400B92 /* signUp.swift */,
			);
			path = Account;
			sourceTree = "<group>";
		};
		2FF1E5B12A62CBE90042869F = {
			isa = PBXGroup;
			children = (
				2FF1E5BC2A62CBE90042869F /* Shutter */,
				2FF1E5BB2A62CBE90042869F /* Products */,
			);
			sourceTree = "<group>";
		};
		2FF1E5BB2A62CBE90042869F /* Products */ = {
			isa = PBXGroup;
			children = (
				2FF1E5BA2A62CBE90042869F /* Shutter.app */,
			);
			name = Products;
			sourceTree = "<group>";
		};
		2FF1E5BC2A62CBE90042869F /* Shutter */ = {
			isa = PBXGroup;
			children = (
				2FF1E5BD2A62CBE90042869F /* ShutterApp.swift */,
				2F3AF1F22A7960BB00A02DB3 /* validation.swift */,
				2F80817F2A64027100484548 /* Lunch and welcome */,
				2FEA2AC32A6D3AC700400B92 /* Main Screens */,
				2FEA2AC82A6D3B0E00400B92 /* Account */,
				2FF1E5C12A62CBEC0042869F /* Assets.xcassets */,
				2FF1E5C32A62CBEC0042869F /* Preview Content */,
			);
			path = Shutter;
			sourceTree = "<group>";
		};
		2FF1E5C32A62CBEC0042869F /* Preview Content */ = {
			isa = PBXGroup;
			children = (
				2F8081832A64387C00484548 /* Vollkorn-SemiBold.ttf */,
				2FF1E5C42A62CBEC0042869F /* Preview Assets.xcassets */,
				2F5FC5AC2A6AC67A00942550 /* Muli-Bold.ttf */,
				2F5FC5AE2A6AC68300942550 /* Muli.ttf */,
				2FEA2AC92A6D49BF00400B92 /* Muli-SemiBold.ttf */,
				2FEA2AD82A6EEDF000400B92 /* GoogleService-Info.plist */,
			);
			path = "Preview Content";
			sourceTree = "<group>";
		};
/* End PBXGroup section */

/* Begin PBXNativeTarget section */
		2FF1E5B92A62CBE90042869F /* Shutter */ = {
			isa = PBXNativeTarget;
			buildConfigurationList = 2FF1E5C82A62CBEC0042869F /* Build configuration list for PBXNativeTarget "Shutter" */;
			buildPhases = (
				2FF1E5B62A62CBE90042869F /* Sources */,
				2FF1E5B72A62CBE90042869F /* Frameworks */,
				2FF1E5B82A62CBE90042869F /* Resources */,
			);
			buildRules = (
			);
			dependencies = (
			);
			name = Shutter;
			packageProductDependencies = (
				2FEA2ACC2A6EED5100400B92 /* FirebaseAnalytics */,
				2FEA2ACE2A6EED5100400B92 /* FirebaseAnalyticsOnDeviceConversion */,
				2FEA2AD02A6EED5100400B92 /* FirebaseAnalyticsSwift */,
				2FEA2AD22A6EED5100400B92 /* FirebaseAnalyticsWithoutAdIdSupport */,
				2FEA2AD42A6EED5100400B92 /* FirebaseAuth */,
				2FEA2AD62A6EED5100400B92 /* FirebaseFirestore */,
				2F5536F82A7FA4A300609CB9 /* SlidingTabView */,
			);
			productName = Shutter;
			productReference = 2FF1E5BA2A62CBE90042869F /* Shutter.app */;
			productType = "com.apple.product-type.application";
		};
/* End PBXNativeTarget section */

/* Begin PBXProject section */
		2FF1E5B22A62CBE90042869F /* Project object */ = {
			isa = PBXProject;
			attributes = {
				BuildIndependentTargetsInParallel = 1;
				LastSwiftUpdateCheck = 1500;
				LastUpgradeCheck = 1500;
				TargetAttributes = {
					2FF1E5B92A62CBE90042869F = {
						CreatedOnToolsVersion = 15.0;
					};
				};
			};
			buildConfigurationList = 2FF1E5B52A62CBE90042869F /* Build configuration list for PBXProject "Shutter" */;
			compatibilityVersion = "Xcode 14.0";
			developmentRegion = en;
			hasScannedForEncodings = 0;
			knownRegions = (
				en,
				Base,
			);
			mainGroup = 2FF1E5B12A62CBE90042869F;
			packageReferences = (
				2FEA2ACB2A6EED5100400B92 /* XCRemoteSwiftPackageReference "firebase-ios-sdk" */,
				2F5536F72A7FA4A300609CB9 /* XCRemoteSwiftPackageReference "SlidingTabView" */,
			);
			productRefGroup = 2FF1E5BB2A62CBE90042869F /* Products */;
			projectDirPath = "";
			projectRoot = "";
			targets = (
				2FF1E5B92A62CBE90042869F /* Shutter */,
			);
		};
/* End PBXProject section */

/* Begin PBXResourcesBuildPhase section */
		2FF1E5B82A62CBE90042869F /* Resources */ = {
			isa = PBXResourcesBuildPhase;
			buildActionMask = 2147483647;
			files = (
				2FEA2ACA2A6D49BF00400B92 /* Muli-SemiBold.ttf in Resources */,
				2F8081842A64389500484548 /* Vollkorn-SemiBold.ttf in Resources */,
				2F5FC5AF2A6AC68300942550 /* Muli.ttf in Resources */,
				2FF1E5C52A62CBEC0042869F /* Preview Assets.xcassets in Resources */,
				2FBAFC7B2A8269CC00E0794D /* Assets.xcassets in Resources */,
				2F5FC5AD2A6AC67A00942550 /* Muli-Bold.ttf in Resources */,
				2FEA2AD92A6EEDF000400B92 /* GoogleService-Info.plist in Resources */,
			);
			runOnlyForDeploymentPostprocessing = 0;
		};
/* End PBXResourcesBuildPhase section */

/* Begin PBXSourcesBuildPhase section */
		2FF1E5B62A62CBE90042869F /* Sources */ = {
			isa = PBXSourcesBuildPhase;
			buildActionMask = 2147483647;
			files = (
				2FB68F072A6951B000C41EDD /* profile.swift in Sources */,
				2FB68F052A69517B00C41EDD /* sessions.swift in Sources */,
				2F3AF1F32A7960BB00A02DB3 /* validation.swift in Sources */,
				2FEA2AC52A6D3B0100400B92 /* signUp.swift in Sources */,
				2FF1E5C02A62CBE90042869F /* ContentView.swift in Sources */,
				2FF1E5BE2A62CBE90042869F /* ShutterApp.swift in Sources */,
				2F80817A2A63D13300484548 /* welcomeTwo.swift in Sources */,
				2FF1E5D02A62D2E60042869F /* Lunch Screen.swift in Sources */,
				2FF1E5D22A62DAAF0042869F /* welcomeOne.swift in Sources */,
				2F80817E2A64023000484548 /* Home page.swift in Sources */,
				2F80817C2A64011A00484548 /* welcomeThree.swift in Sources */,
				2FEA2AC72A6D3B0A00400B92 /* logIn.swift in Sources */,
			);
			runOnlyForDeploymentPostprocessing = 0;
		};
/* End PBXSourcesBuildPhase section */

/* Begin XCBuildConfiguration section */
		2FF1E5C62A62CBEC0042869F /* Debug */ = {
			isa = XCBuildConfiguration;
			buildSettings = {
				ALWAYS_SEARCH_USER_PATHS = NO;
				ASSETCATALOG_COMPILER_GENERATE_SWIFT_ASSET_SYMBOL_EXTENSIONS = YES;
				CLANG_ANALYZER_NONNULL = YES;
				CLANG_ANALYZER_NUMBER_OBJECT_CONVERSION = YES_AGGRESSIVE;
				CLANG_CXX_LANGUAGE_STANDARD = "gnu++20";
				CLANG_ENABLE_MODULES = YES;
				CLANG_ENABLE_OBJC_ARC = YES;
				CLANG_ENABLE_OBJC_WEAK = YES;
				CLANG_WARN_BLOCK_CAPTURE_AUTORELEASING = YES;
				CLANG_WARN_BOOL_CONVERSION = YES;
				CLANG_WARN_COMMA = YES;
				CLANG_WARN_CONSTANT_CONVERSION = YES;
				CLANG_WARN_DEPRECATED_OBJC_IMPLEMENTATIONS = YES;
				CLANG_WARN_DIRECT_OBJC_ISA_USAGE = YES_ERROR;
				CLANG_WARN_DOCUMENTATION_COMMENTS = YES;
				CLANG_WARN_EMPTY_BODY = YES;
				CLANG_WARN_ENUM_CONVERSION = YES;
				CLANG_WARN_INFINITE_RECURSION = YES;
				CLANG_WARN_INT_CONVERSION = YES;
				CLANG_WARN_NON_LITERAL_NULL_CONVERSION = YES;
				CLANG_WARN_OBJC_IMPLICIT_RETAIN_SELF = YES;
				CLANG_WARN_OBJC_LITERAL_CONVERSION = YES;
				CLANG_WARN_OBJC_ROOT_CLASS = YES_ERROR;
				CLANG_WARN_QUOTED_INCLUDE_IN_FRAMEWORK_HEADER = YES;
				CLANG_WARN_RANGE_LOOP_ANALYSIS = YES;
				CLANG_WARN_STRICT_PROTOTYPES = YES;
				CLANG_WARN_SUSPICIOUS_MOVE = YES;
				CLANG_WARN_UNGUARDED_AVAILABILITY = YES_AGGRESSIVE;
				CLANG_WARN_UNREACHABLE_CODE = YES;
				CLANG_WARN__DUPLICATE_METHOD_MATCH = YES;
				COPY_PHASE_STRIP = NO;
				DEBUG_INFORMATION_FORMAT = dwarf;
				ENABLE_STRICT_OBJC_MSGSEND = YES;
				ENABLE_TESTABILITY = YES;
				ENABLE_USER_SCRIPT_SANDBOXING = YES;
				GCC_C_LANGUAGE_STANDARD = gnu17;
				GCC_DYNAMIC_NO_PIC = NO;
				GCC_NO_COMMON_BLOCKS = YES;
				GCC_OPTIMIZATION_LEVEL = 0;
				GCC_PREPROCESSOR_DEFINITIONS = (
					"DEBUG=1",
					"$(inherited)",
				);
				GCC_WARN_64_TO_32_BIT_CONVERSION = YES;
				GCC_WARN_ABOUT_RETURN_TYPE = YES_ERROR;
				GCC_WARN_UNDECLARED_SELECTOR = YES;
				GCC_WARN_UNINITIALIZED_AUTOS = YES_AGGRESSIVE;
				GCC_WARN_UNUSED_FUNCTION = YES;
				GCC_WARN_UNUSED_VARIABLE = YES;
				IPHONEOS_DEPLOYMENT_TARGET = 17.0;
				LOCALIZATION_PREFERS_STRING_CATALOGS = YES;
				MTL_ENABLE_DEBUG_INFO = INCLUDE_SOURCE;
				MTL_FAST_MATH = YES;
				ONLY_ACTIVE_ARCH = YES;
				SDKROOT = iphoneos;
				SWIFT_ACTIVE_COMPILATION_CONDITIONS = "DEBUG $(inherited)";
				SWIFT_OPTIMIZATION_LEVEL = "-Onone";
			};
			name = Debug;
		};
		2FF1E5C72A62CBEC0042869F /* Release */ = {
			isa = XCBuildConfiguration;
			buildSettings = {
				ALWAYS_SEARCH_USER_PATHS = NO;
				ASSETCATALOG_COMPILER_GENERATE_SWIFT_ASSET_SYMBOL_EXTENSIONS = YES;
				CLANG_ANALYZER_NONNULL = YES;
				CLANG_ANALYZER_NUMBER_OBJECT_CONVERSION = YES_AGGRESSIVE;
				CLANG_CXX_LANGUAGE_STANDARD = "gnu++20";
				CLANG_ENABLE_MODULES = YES;
				CLANG_ENABLE_OBJC_ARC = YES;
				CLANG_ENABLE_OBJC_WEAK = YES;
				CLANG_WARN_BLOCK_CAPTURE_AUTORELEASING = YES;
				CLANG_WARN_BOOL_CONVERSION = YES;
				CLANG_WARN_COMMA = YES;
				CLANG_WARN_CONSTANT_CONVERSION = YES;
				CLANG_WARN_DEPRECATED_OBJC_IMPLEMENTATIONS = YES;
				CLANG_WARN_DIRECT_OBJC_ISA_USAGE = YES_ERROR;
				CLANG_WARN_DOCUMENTATION_COMMENTS = YES;
				CLANG_WARN_EMPTY_BODY = YES;
				CLANG_WARN_ENUM_CONVERSION = YES;
				CLANG_WARN_INFINITE_RECURSION = YES;
				CLANG_WARN_INT_CONVERSION = YES;
				CLANG_WARN_NON_LITERAL_NULL_CONVERSION = YES;
				CLANG_WARN_OBJC_IMPLICIT_RETAIN_SELF = YES;
				CLANG_WARN_OBJC_LITERAL_CONVERSION = YES;
				CLANG_WARN_OBJC_ROOT_CLASS = YES_ERROR;
				CLANG_WARN_QUOTED_INCLUDE_IN_FRAMEWORK_HEADER = YES;
				CLANG_WARN_RANGE_LOOP_ANALYSIS = YES;
				CLANG_WARN_STRICT_PROTOTYPES = YES;
				CLANG_WARN_SUSPICIOUS_MOVE = YES;
				CLANG_WARN_UNGUARDED_AVAILABILITY = YES_AGGRESSIVE;
				CLANG_WARN_UNREACHABLE_CODE = YES;
				CLANG_WARN__DUPLICATE_METHOD_MATCH = YES;
				COPY_PHASE_STRIP = NO;
				DEBUG_INFORMATION_FORMAT = "dwarf-with-dsym";
				ENABLE_NS_ASSERTIONS = NO;
				ENABLE_STRICT_OBJC_MSGSEND = YES;
				ENABLE_USER_SCRIPT_SANDBOXING = YES;
				GCC_C_LANGUAGE_STANDARD = gnu17;
				GCC_NO_COMMON_BLOCKS = YES;
				GCC_WARN_64_TO_32_BIT_CONVERSION = YES;
				GCC_WARN_ABOUT_RETURN_TYPE = YES_ERROR;
				GCC_WARN_UNDECLARED_SELECTOR = YES;
				GCC_WARN_UNINITIALIZED_AUTOS = YES_AGGRESSIVE;
				GCC_WARN_UNUSED_FUNCTION = YES;
				GCC_WARN_UNUSED_VARIABLE = YES;
				IPHONEOS_DEPLOYMENT_TARGET = 17.0;
				LOCALIZATION_PREFERS_STRING_CATALOGS = YES;
				MTL_ENABLE_DEBUG_INFO = NO;
				MTL_FAST_MATH = YES;
				SDKROOT = iphoneos;
				SWIFT_COMPILATION_MODE = wholemodule;
				VALIDATE_PRODUCT = YES;
			};
			name = Release;
		};
		2FF1E5C92A62CBEC0042869F /* Debug */ = {
			isa = XCBuildConfiguration;
			buildSettings = {
				ASSETCATALOG_COMPILER_APPICON_NAME = AppIcon;
				ASSETCATALOG_COMPILER_GLOBAL_ACCENT_COLOR_NAME = AccentColor;
				CODE_SIGN_STYLE = Automatic;
				CURRENT_PROJECT_VERSION = 1;
				DEVELOPMENT_ASSET_PATHS = "\"Shutter/Preview Content\"";
				DEVELOPMENT_TEAM = 55L48W2DHK;
				ENABLE_PREVIEWS = YES;
				GENERATE_INFOPLIST_FILE = YES;
				INFOPLIST_FILE = Shutter/Info.plist;
				INFOPLIST_KEY_UIApplicationSceneManifest_Generation = YES;
				INFOPLIST_KEY_UIApplicationSupportsIndirectInputEvents = YES;
				INFOPLIST_KEY_UILaunchScreen_Generation = YES;
				INFOPLIST_KEY_UISupportedInterfaceOrientations_iPad = "UIInterfaceOrientationPortrait UIInterfaceOrientationPortraitUpsideDown UIInterfaceOrientationLandscapeLeft UIInterfaceOrientationLandscapeRight";
				INFOPLIST_KEY_UISupportedInterfaceOrientations_iPhone = "UIInterfaceOrientationPortrait UIInterfaceOrientationLandscapeLeft UIInterfaceOrientationLandscapeRight";
				IPHONEOS_DEPLOYMENT_TARGET = 16.0;
				LD_RUNPATH_SEARCH_PATHS = (
					"$(inherited)",
					"@executable_path/Frameworks",
				);
				MARKETING_VERSION = 1.0;
				PRODUCT_BUNDLE_IDENTIFIER = com.hamza.Shutter;
				PRODUCT_NAME = "$(TARGET_NAME)";
				SWIFT_EMIT_LOC_STRINGS = YES;
				SWIFT_VERSION = 5.0;
				TARGETED_DEVICE_FAMILY = "1,2";
			};
			name = Debug;
		};
		2FF1E5CA2A62CBEC0042869F /* Release */ = {
			isa = XCBuildConfiguration;
			buildSettings = {
				ASSETCATALOG_COMPILER_APPICON_NAME = AppIcon;
				ASSETCATALOG_COMPILER_GLOBAL_ACCENT_COLOR_NAME = AccentColor;
				CODE_SIGN_STYLE = Automatic;
				CURRENT_PROJECT_VERSION = 1;
				DEVELOPMENT_ASSET_PATHS = "\"Shutter/Preview Content\"";
				DEVELOPMENT_TEAM = 55L48W2DHK;
				ENABLE_PREVIEWS = YES;
				GENERATE_INFOPLIST_FILE = YES;
				INFOPLIST_FILE = Shutter/Info.plist;
				INFOPLIST_KEY_UIApplicationSceneManifest_Generation = YES;
				INFOPLIST_KEY_UIApplicationSupportsIndirectInputEvents = YES;
				INFOPLIST_KEY_UILaunchScreen_Generation = YES;
				INFOPLIST_KEY_UISupportedInterfaceOrientations_iPad = "UIInterfaceOrientationPortrait UIInterfaceOrientationPortraitUpsideDown UIInterfaceOrientationLandscapeLeft UIInterfaceOrientationLandscapeRight";
				INFOPLIST_KEY_UISupportedInterfaceOrientations_iPhone = "UIInterfaceOrientationPortrait UIInterfaceOrientationLandscapeLeft UIInterfaceOrientationLandscapeRight";
				IPHONEOS_DEPLOYMENT_TARGET = 16.0;
				LD_RUNPATH_SEARCH_PATHS = (
					"$(inherited)",
					"@executable_path/Frameworks",
				);
				MARKETING_VERSION = 1.0;
				PRODUCT_BUNDLE_IDENTIFIER = com.hamza.Shutter;
				PRODUCT_NAME = "$(TARGET_NAME)";
				SWIFT_EMIT_LOC_STRINGS = YES;
				SWIFT_VERSION = 5.0;
				TARGETED_DEVICE_FAMILY = "1,2";
			};
			name = Release;
		};
/* End XCBuildConfiguration section */

/* Begin XCConfigurationList section */
		2FF1E5B52A62CBE90042869F /* Build configuration list for PBXProject "Shutter" */ = {
			isa = XCConfigurationList;
			buildConfigurations = (
				2FF1E5C62A62CBEC0042869F /* Debug */,
				2FF1E5C72A62CBEC0042869F /* Release */,
			);
			defaultConfigurationIsVisible = 0;
			defaultConfigurationName = Release;
		};
		2FF1E5C82A62CBEC0042869F /* Build configuration list for PBXNativeTarget "Shutter" */ = {
			isa = XCConfigurationList;
			buildConfigurations = (
				2FF1E5C92A62CBEC0042869F /* Debug */,
				2FF1E5CA2A62CBEC0042869F /* Release */,
			);
			defaultConfigurationIsVisible = 0;
			defaultConfigurationName = Release;
		};
/* End XCConfigurationList section */

/* Begin XCRemoteSwiftPackageReference section */
		2F5536F72A7FA4A300609CB9 /* XCRemoteSwiftPackageReference "SlidingTabView" */ = {
			isa = XCRemoteSwiftPackageReference;
			repositoryURL = "https://github.com/QuynhNguyen/SlidingTabView.git";
			requirement = {
				kind = upToNextMajorVersion;
				minimumVersion = 1.0.0;
			};
		};
		2FEA2ACB2A6EED5100400B92 /* XCRemoteSwiftPackageReference "firebase-ios-sdk" */ = {
			isa = XCRemoteSwiftPackageReference;
			repositoryURL = "https://github.com/firebase/firebase-ios-sdk.git";
			requirement = {
				kind = upToNextMajorVersion;
				minimumVersion = 10.0.0;
			};
		};
/* End XCRemoteSwiftPackageReference section */

/* Begin XCSwiftPackageProductDependency section */
		2F5536F82A7FA4A300609CB9 /* SlidingTabView */ = {
			isa = XCSwiftPackageProductDependency;
			package = 2F5536F72A7FA4A300609CB9 /* XCRemoteSwiftPackageReference "SlidingTabView" */;
			productName = SlidingTabView;
		};
		2FEA2ACC2A6EED5100400B92 /* FirebaseAnalytics */ = {
			isa = XCSwiftPackageProductDependency;
			package = 2FEA2ACB2A6EED5100400B92 /* XCRemoteSwiftPackageReference "firebase-ios-sdk" */;
			productName = FirebaseAnalytics;
		};
		2FEA2ACE2A6EED5100400B92 /* FirebaseAnalyticsOnDeviceConversion */ = {
			isa = XCSwiftPackageProductDependency;
			package = 2FEA2ACB2A6EED5100400B92 /* XCRemoteSwiftPackageReference "firebase-ios-sdk" */;
			productName = FirebaseAnalyticsOnDeviceConversion;
		};
		2FEA2AD02A6EED5100400B92 /* FirebaseAnalyticsSwift */ = {
			isa = XCSwiftPackageProductDependency;
			package = 2FEA2ACB2A6EED5100400B92 /* XCRemoteSwiftPackageReference "firebase-ios-sdk" */;
			productName = FirebaseAnalyticsSwift;
		};
		2FEA2AD22A6EED5100400B92 /* FirebaseAnalyticsWithoutAdIdSupport */ = {
			isa = XCSwiftPackageProductDependency;
			package = 2FEA2ACB2A6EED5100400B92 /* XCRemoteSwiftPackageReference "firebase-ios-sdk" */;
			productName = FirebaseAnalyticsWithoutAdIdSupport;
		};
		2FEA2AD42A6EED5100400B92 /* FirebaseAuth */ = {
			isa = XCSwiftPackageProductDependency;
			package = 2FEA2ACB2A6EED5100400B92 /* XCRemoteSwiftPackageReference "firebase-ios-sdk" */;
			productName = FirebaseAuth;
		};
		2FEA2AD62A6EED5100400B92 /* FirebaseFirestore */ = {
			isa = XCSwiftPackageProductDependency;
			package = 2FEA2ACB2A6EED5100400B92 /* XCRemoteSwiftPackageReference "firebase-ios-sdk" */;
			productName = FirebaseFirestore;
		};
/* End XCSwiftPackageProductDependency section */
	};
	rootObject = 2FF1E5B22A62CBE90042869F /* Project object */;
}
